
Microsoft Visual Studio Solution File, Format Version 12.00
# Visual Studio 2015
Project("{FAE04EC0-301F-11D3-BF4B-00C04F79EFBC}") = "Superhero Game.CSharp", "Superhero Game.CSharp.csproj", "{89BCA47A-687D-C71C-C123-DDAA6DF95344}"
EndProject
Project("{FAE04EC0-301F-11D3-BF4B-00C04F79EFBC}") = "Superhero Game.CSharp.Editor", "Superhero Game.CSharp.Editor.csproj", "{B2EC483F-F859-7D81-B2B0-08D219AAE9D7}"
EndProject
Global
	GlobalSection(SolutionConfigurationPlatforms) = preSolution
		Debug|Any CPU = Debug|Any CPU
		Release|Any CPU = Release|Any CPU
	EndGlobalSection
	GlobalSection(ProjectConfigurationPlatforms) = postSolution
		{89BCA47A-687D-C71C-C123-DDAA6DF95344}.Debug|Any CPU.ActiveCfg = Debug|Any CPU
		{89BCA47A-687D-C71C-C123-DDAA6DF95344}.Debug|Any CPU.Build.0 = Debug|Any CPU
		{89BCA47A-687D-C71C-C123-DDAA6DF95344}.Release|Any CPU.ActiveCfg = Release|Any CPU
		{89BCA47A-687D-C71C-C123-DDAA6DF95344}.Release|Any CPU.Build.0 = Release|Any CPU
		{B2EC483F-F859-7D81-B2B0-08D219AAE9D7}.Debug|Any CPU.ActiveCfg = Debug|Any CPU
		{B2EC483F-F859-7D81-B2B0-08D219AAE9D7}.Debug|Any CPU.Build.0 = Debug|Any CPU
		{B2EC483F-F859-7D81-B2B0-08D219AAE9D7}.Release|Any CPU.ActiveCfg = Release|Any CPU
		{B2EC483F-F859-7D81-B2B0-08D219AAE9D7}.Release|Any CPU.Build.0 = Release|Any CPU
	EndGlobalSection
	GlobalSection(SolutionProperties) = preSolution
		HideSolutionNode = FALSE
	EndGlobalSection
EndGlobal
